// !$*UTF8*$!
{
	archiveVersion = 1;
	classes = {
	};
	objectVersion = 56;
	objects = {

/* Begin PBXBuildFile section */
		BEA241A049C73C7AE4187322 /* Pods_DoFU.framework in Frameworks */ = {isa = PBXBuildFile; fileRef = E5DAB6DAA9EF47B08CE43ABA /* Pods_DoFU.framework */; };
		F438BE0229B510920097EFA5 /* CalcViewConroller.swift in Sources */ = {isa = PBXBuildFile; fileRef = F438BE0129B510910097EFA5 /* CalcViewConroller.swift */; };
		F438BE0429B529C80097EFA5 /* ItemsViewController.swift in Sources */ = {isa = PBXBuildFile; fileRef = F438BE0329B529C80097EFA5 /* ItemsViewController.swift */; };
		F438BE0629B529FA0097EFA5 /* ChartsViewController.swift in Sources */ = {isa = PBXBuildFile; fileRef = F438BE0529B529FA0097EFA5 /* ChartsViewController.swift */; };
		F447191B299E971300B6C3DA /* AppDelegate.swift in Sources */ = {isa = PBXBuildFile; fileRef = F447191A299E971300B6C3DA /* AppDelegate.swift */; };
		F447191D299E971300B6C3DA /* SceneDelegate.swift in Sources */ = {isa = PBXBuildFile; fileRef = F447191C299E971300B6C3DA /* SceneDelegate.swift */; };
		F447191F299E971300B6C3DA /* ViewController.swift in Sources */ = {isa = PBXBuildFile; fileRef = F447191E299E971300B6C3DA /* ViewController.swift */; };
		F4471922299E971300B6C3DA /* Main.storyboard in Resources */ = {isa = PBXBuildFile; fileRef = F4471920299E971300B6C3DA /* Main.storyboard */; };
		F4471924299E971500B6C3DA /* Assets.xcassets in Resources */ = {isa = PBXBuildFile; fileRef = F4471923299E971500B6C3DA /* Assets.xcassets */; };
		F4471927299E971500B6C3DA /* LaunchScreen.storyboard in Resources */ = {isa = PBXBuildFile; fileRef = F4471925299E971500B6C3DA /* LaunchScreen.storyboard */; };
		F44719A929B52D6E00C5DBC1 /* TabBarController.swift in Sources */ = {isa = PBXBuildFile; fileRef = F44719A829B52D6E00C5DBC1 /* TabBarController.swift */; };
		F44EE84C29B50CEB005559A7 /* liberate-ukraine.json in Resources */ = {isa = PBXBuildFile; fileRef = F44EE84B29B50CEA005559A7 /* liberate-ukraine.json */; };
		F487E85929C4ACC50027B4AE /* DonatesModel.swift in Sources */ = {isa = PBXBuildFile; fileRef = F487E85829C4ACC50027B4AE /* DonatesModel.swift */; };
		F4FB1EF929C0B29000C3C421 /* CalcTableViewCell.swift in Sources */ = {isa = PBXBuildFile; fileRef = F4FB1EF829C0B28B00C3C421 /* CalcTableViewCell.swift */; };
		F4FB1EFD29C0BDCB00C3C421 /* HeaderTableView.xib in Resources */ = {isa = PBXBuildFile; fileRef = F4FB1EFC29C0BDCB00C3C421 /* HeaderTableView.xib */; };
		F4FB1EFF29C0BF4500C3C421 /* HeaderTableView.swift in Sources */ = {isa = PBXBuildFile; fileRef = F4FB1EFE29C0BF4500C3C421 /* HeaderTableView.swift */; };
/* End PBXBuildFile section */

/* Begin PBXFileReference section */
		C1894C2760D0539F33F523FA /* Pods-DoFU.release.xcconfig */ = {isa = PBXFileReference; includeInIndex = 1; lastKnownFileType = text.xcconfig; name = "Pods-DoFU.release.xcconfig"; path = "Target Support Files/Pods-DoFU/Pods-DoFU.release.xcconfig"; sourceTree = "<group>"; };
		E5DAB6DAA9EF47B08CE43ABA /* Pods_DoFU.framework */ = {isa = PBXFileReference; explicitFileType = wrapper.framework; includeInIndex = 0; path = Pods_DoFU.framework; sourceTree = BUILT_PRODUCTS_DIR; };
		E78FC940AE2C2F71F3D76188 /* Pods-DoFU.debug.xcconfig */ = {isa = PBXFileReference; includeInIndex = 1; lastKnownFileType = text.xcconfig; name = "Pods-DoFU.debug.xcconfig"; path = "Target Support Files/Pods-DoFU/Pods-DoFU.debug.xcconfig"; sourceTree = "<group>"; };
		F438BE0129B510910097EFA5 /* CalcViewConroller.swift */ = {isa = PBXFileReference; lastKnownFileType = sourcecode.swift; path = CalcViewConroller.swift; sourceTree = "<group>"; };
		F438BE0329B529C80097EFA5 /* ItemsViewController.swift */ = {isa = PBXFileReference; lastKnownFileType = sourcecode.swift; path = ItemsViewController.swift; sourceTree = "<group>"; };
		F438BE0529B529FA0097EFA5 /* ChartsViewController.swift */ = {isa = PBXFileReference; lastKnownFileType = sourcecode.swift; path = ChartsViewController.swift; sourceTree = "<group>"; };
		F4471917299E971300B6C3DA /* DoFU.app */ = {isa = PBXFileReference; explicitFileType = wrapper.application; includeInIndex = 0; path = DoFU.app; sourceTree = BUILT_PRODUCTS_DIR; };
		F447191A299E971300B6C3DA /* AppDelegate.swift */ = {isa = PBXFileReference; lastKnownFileType = sourcecode.swift; path = AppDelegate.swift; sourceTree = "<group>"; };
		F447191C299E971300B6C3DA /* SceneDelegate.swift */ = {isa = PBXFileReference; lastKnownFileType = sourcecode.swift; path = SceneDelegate.swift; sourceTree = "<group>"; };
		F447191E299E971300B6C3DA /* ViewController.swift */ = {isa = PBXFileReference; lastKnownFileType = sourcecode.swift; path = ViewController.swift; sourceTree = "<group>"; };
		F4471921299E971300B6C3DA /* Base */ = {isa = PBXFileReference; lastKnownFileType = file.storyboard; name = Base; path = Base.lproj/Main.storyboard; sourceTree = "<group>"; };
		F4471923299E971500B6C3DA /* Assets.xcassets */ = {isa = PBXFileReference; lastKnownFileType = folder.assetcatalog; path = Assets.xcassets; sourceTree = "<group>"; };
		F4471926299E971500B6C3DA /* Base */ = {isa = PBXFileReference; lastKnownFileType = file.storyboard; name = Base; path = Base.lproj/LaunchScreen.storyboard; sourceTree = "<group>"; };
		F4471928299E971500B6C3DA /* Info.plist */ = {isa = PBXFileReference; lastKnownFileType = text.plist.xml; path = Info.plist; sourceTree = "<group>"; };
		F44719A829B52D6E00C5DBC1 /* TabBarController.swift */ = {isa = PBXFileReference; lastKnownFileType = sourcecode.swift; path = TabBarController.swift; sourceTree = "<group>"; };
		F44EE84B29B50CEA005559A7 /* liberate-ukraine.json */ = {isa = PBXFileReference; fileEncoding = 4; lastKnownFileType = text.json; path = "liberate-ukraine.json"; sourceTree = "<group>"; };
		F487E85829C4ACC50027B4AE /* DonatesModel.swift */ = {isa = PBXFileReference; lastKnownFileType = sourcecode.swift; path = DonatesModel.swift; sourceTree = "<group>"; };
		F4FB1EF829C0B28B00C3C421 /* CalcTableViewCell.swift */ = {isa = PBXFileReference; lastKnownFileType = sourcecode.swift; path = CalcTableViewCell.swift; sourceTree = "<group>"; };
		F4FB1EFC29C0BDCB00C3C421 /* HeaderTableView.xib */ = {isa = PBXFileReference; lastKnownFileType = file.xib; path = HeaderTableView.xib; sourceTree = "<group>"; };
		F4FB1EFE29C0BF4500C3C421 /* HeaderTableView.swift */ = {isa = PBXFileReference; lastKnownFileType = sourcecode.swift; path = HeaderTableView.swift; sourceTree = "<group>"; };
/* End PBXFileReference section */

/* Begin PBXFrameworksBuildPhase section */
		F4471914299E971300B6C3DA /* Frameworks */ = {
			isa = PBXFrameworksBuildPhase;
			buildActionMask = 2147483647;
			files = (
				BEA241A049C73C7AE4187322 /* Pods_DoFU.framework in Frameworks */,
			);
			runOnlyForDeploymentPostprocessing = 0;
		};
/* End PBXFrameworksBuildPhase section */

/* Begin PBXGroup section */
		3D97A2E5556F994521D5B64E /* Frameworks */ = {
			isa = PBXGroup;
			children = (
				E5DAB6DAA9EF47B08CE43ABA /* Pods_DoFU.framework */,
			);
			name = Frameworks;
			sourceTree = "<group>";
		};
		3E0F2ACC8521E7EABFB1A1B7 /* Pods */ = {
			isa = PBXGroup;
			children = (
				E78FC940AE2C2F71F3D76188 /* Pods-DoFU.debug.xcconfig */,
				C1894C2760D0539F33F523FA /* Pods-DoFU.release.xcconfig */,
			);
			path = Pods;
			sourceTree = "<group>";
		};
		F447190E299E971300B6C3DA = {
			isa = PBXGroup;
			children = (
				F4471919299E971300B6C3DA /* DoFU */,
				F4471928299E971500B6C3DA /* Info.plist */,
				F4471918299E971300B6C3DA /* Products */,
				3E0F2ACC8521E7EABFB1A1B7 /* Pods */,
				3D97A2E5556F994521D5B64E /* Frameworks */,
			);
			sourceTree = "<group>";
		};
		F4471918299E971300B6C3DA /* Products */ = {
			isa = PBXGroup;
			children = (
				F4471917299E971300B6C3DA /* DoFU.app */,
			);
			name = Products;
			sourceTree = "<group>";
		};
		F4471919299E971300B6C3DA /* DoFU */ = {
			isa = PBXGroup;
			children = (
				F487E85A29C4ACCD0027B4AE /* Models */,
				F487E85B29C4ACEA0027B4AE /* Controllers */,
				F44EE84A29B24CAF005559A7 /* Views */,
				F471080729B24292004A2C6F /* SupportingFiles */,
			);
			path = DoFU;
			sourceTree = "<group>";
		};
		F44EE84A29B24CAF005559A7 /* Views */ = {
			isa = PBXGroup;
			children = (
				F4471920299E971300B6C3DA /* Main.storyboard */,
				F4FB1EFC29C0BDCB00C3C421 /* HeaderTableView.xib */,
			);
			name = Views;
			sourceTree = "<group>";
		};
		F471080729B24292004A2C6F /* SupportingFiles */ = {
			isa = PBXGroup;
			children = (
				F4FB1EF829C0B28B00C3C421 /* CalcTableViewCell.swift */,
				F44EE84B29B50CEA005559A7 /* liberate-ukraine.json */,
				F447191C299E971300B6C3DA /* SceneDelegate.swift */,
				F447191A299E971300B6C3DA /* AppDelegate.swift */,
				F4471923299E971500B6C3DA /* Assets.xcassets */,
				F4471925299E971500B6C3DA /* LaunchScreen.storyboard */,
			);
			name = SupportingFiles;
			sourceTree = "<group>";
		};
		F487E85A29C4ACCD0027B4AE /* Models */ = {
			isa = PBXGroup;
			children = (
				F487E85829C4ACC50027B4AE /* DonatesModel.swift */,
			);
			name = Models;
			sourceTree = "<group>";
		};
		F487E85B29C4ACEA0027B4AE /* Controllers */ = {
			isa = PBXGroup;
			children = (
				F438BE0129B510910097EFA5 /* CalcViewConroller.swift */,
				F438BE0529B529FA0097EFA5 /* ChartsViewController.swift */,
				F4FB1EFE29C0BF4500C3C421 /* HeaderTableView.swift */,
				F438BE0329B529C80097EFA5 /* ItemsViewController.swift */,
				F44719A829B52D6E00C5DBC1 /* TabBarController.swift */,
				F447191E299E971300B6C3DA /* ViewController.swift */,
			);
			name = Controllers;
			sourceTree = "<group>";
		};
/* End PBXGroup section */

/* Begin PBXNativeTarget section */
		F4471916299E971300B6C3DA /* DoFU */ = {
			isa = PBXNativeTarget;
			buildConfigurationList = F447192B299E971500B6C3DA /* Build configuration list for PBXNativeTarget "DoFU" */;
			buildPhases = (
				2E62B36357C2B7F843E3E7D9 /* [CP] Check Pods Manifest.lock */,
				F4471913299E971300B6C3DA /* Sources */,
				F4471914299E971300B6C3DA /* Frameworks */,
				F4471915299E971300B6C3DA /* Resources */,
				357355B9B8698EA37C041A33 /* [CP] Embed Pods Frameworks */,
			);
			buildRules = (
			);
			dependencies = (
			);
			name = DoFU;
			productName = DoFU;
			productReference = F4471917299E971300B6C3DA /* DoFU.app */;
			productType = "com.apple.product-type.application";
		};
/* End PBXNativeTarget section */

/* Begin PBXProject section */
		F447190F299E971300B6C3DA /* Project object */ = {
			isa = PBXProject;
			attributes = {
				BuildIndependentTargetsInParallel = 1;
				LastSwiftUpdateCheck = 1420;
				LastUpgradeCheck = 1420;
				TargetAttributes = {
					F4471916299E971300B6C3DA = {
						CreatedOnToolsVersion = 14.2;
					};
				};
			};
			buildConfigurationList = F4471912299E971300B6C3DA /* Build configuration list for PBXProject "DoFU" */;
			compatibilityVersion = "Xcode 14.0";
			developmentRegion = en;
			hasScannedForEncodings = 0;
			knownRegions = (
				en,
				Base,
			);
			mainGroup = F447190E299E971300B6C3DA;
			packageReferences = (
			);
			productRefGroup = F4471918299E971300B6C3DA /* Products */;
			projectDirPath = "";
			projectRoot = "";
			targets = (
				F4471916299E971300B6C3DA /* DoFU */,
			);
		};
/* End PBXProject section */

/* Begin PBXResourcesBuildPhase section */
		F4471915299E971300B6C3DA /* Resources */ = {
			isa = PBXResourcesBuildPhase;
			buildActionMask = 2147483647;
			files = (
				F4471927299E971500B6C3DA /* LaunchScreen.storyboard in Resources */,
				F44EE84C29B50CEB005559A7 /* liberate-ukraine.json in Resources */,
				F4471924299E971500B6C3DA /* Assets.xcassets in Resources */,
				F4FB1EFD29C0BDCB00C3C421 /* HeaderTableView.xib in Resources */,
				F4471922299E971300B6C3DA /* Main.storyboard in Resources */,
			);
			runOnlyForDeploymentPostprocessing = 0;
		};
/* End PBXResourcesBuildPhase section */

/* Begin PBXShellScriptBuildPhase section */
		2E62B36357C2B7F843E3E7D9 /* [CP] Check Pods Manifest.lock */ = {
			isa = PBXShellScriptBuildPhase;
			buildActionMask = 2147483647;
			files = (
			);
			inputFileListPaths = (
			);
			inputPaths = (
				"${PODS_PODFILE_DIR_PATH}/Podfile.lock",
				"${PODS_ROOT}/Manifest.lock",
			);
			name = "[CP] Check Pods Manifest.lock";
			outputFileListPaths = (
			);
			outputPaths = (
				"$(DERIVED_FILE_DIR)/Pods-DoFU-checkManifestLockResult.txt",
			);
			runOnlyForDeploymentPostprocessing = 0;
			shellPath = /bin/sh;
			shellScript = "diff \"${PODS_PODFILE_DIR_PATH}/Podfile.lock\" \"${PODS_ROOT}/Manifest.lock\" > /dev/null\nif [ $? != 0 ] ; then\n    # print error to STDERR\n    echo \"error: The sandbox is not in sync with the Podfile.lock. Run 'pod install' or update your CocoaPods installation.\" >&2\n    exit 1\nfi\n# This output is used by Xcode 'outputs' to avoid re-running this script phase.\necho \"SUCCESS\" > \"${SCRIPT_OUTPUT_FILE_0}\"\n";
			showEnvVarsInLog = 0;
		};
		357355B9B8698EA37C041A33 /* [CP] Embed Pods Frameworks */ = {
			isa = PBXShellScriptBuildPhase;
			buildActionMask = 2147483647;
			files = (
			);
			inputFileListPaths = (
				"${PODS_ROOT}/Target Support Files/Pods-DoFU/Pods-DoFU-frameworks-${CONFIGURATION}-input-files.xcfilelist",
			);
			name = "[CP] Embed Pods Frameworks";
			outputFileListPaths = (
				"${PODS_ROOT}/Target Support Files/Pods-DoFU/Pods-DoFU-frameworks-${CONFIGURATION}-output-files.xcfilelist",
			);
			runOnlyForDeploymentPostprocessing = 0;
			shellPath = /bin/sh;
			shellScript = "\"${PODS_ROOT}/Target Support Files/Pods-DoFU/Pods-DoFU-frameworks.sh\"\n";
			showEnvVarsInLog = 0;
		};
/* End PBXShellScriptBuildPhase section */

/* Begin PBXSourcesBuildPhase section */
		F4471913299E971300B6C3DA /* Sources */ = {
			isa = PBXSourcesBuildPhase;
			buildActionMask = 2147483647;
			files = (
				F4FB1EF929C0B29000C3C421 /* CalcTableViewCell.swift in Sources */,
				F438BE0429B529C80097EFA5 /* ItemsViewController.swift in Sources */,
				F438BE0229B510920097EFA5 /* CalcViewConroller.swift in Sources */,
				F447191F299E971300B6C3DA /* ViewController.swift in Sources */,
				F4FB1EFF29C0BF4500C3C421 /* HeaderTableView.swift in Sources */,
				F438BE0629B529FA0097EFA5 /* ChartsViewController.swift in Sources */,
				F487E85929C4ACC50027B4AE /* DonatesModel.swift in Sources */,
				F44719A929B52D6E00C5DBC1 /* TabBarController.swift in Sources */,
				F447191B299E971300B6C3DA /* AppDelegate.swift in Sources */,
				F447191D299E971300B6C3DA /* SceneDelegate.swift in Sources */,
			);
			runOnlyForDeploymentPostprocessing = 0;
		};
/* End PBXSourcesBuildPhase section */

/* Begin PBXVariantGroup section */
		F4471920299E971300B6C3DA /* Main.storyboard */ = {
			isa = PBXVariantGroup;
			children = (
				F4471921299E971300B6C3DA /* Base */,
			);
			name = Main.storyboard;
			sourceTree = "<group>";
		};
		F4471925299E971500B6C3DA /* LaunchScreen.storyboard */ = {
			isa = PBXVariantGroup;
			children = (
				F4471926299E971500B6C3DA /* Base */,
			);
			name = LaunchScreen.storyboard;
			sourceTree = "<group>";
		};
/* End PBXVariantGroup section */

/* Begin XCBuildConfiguration section */
		F4471929299E971500B6C3DA /* Debug */ = {
			isa = XCBuildConfiguration;
			buildSettings = {
				ALWAYS_SEARCH_USER_PATHS = NO;
				CLANG_ANALYZER_NONNULL = YES;
				CLANG_ANALYZER_NUMBER_OBJECT_CONVERSION = YES_AGGRESSIVE;
				CLANG_CXX_LANGUAGE_STANDARD = "gnu++20";
				CLANG_ENABLE_MODULES = YES;
				CLANG_ENABLE_OBJC_ARC = YES;
				CLANG_ENABLE_OBJC_WEAK = YES;
				CLANG_WARN_BLOCK_CAPTURE_AUTORELEASING = YES;
				CLANG_WARN_BOOL_CONVERSION = YES;
				CLANG_WARN_COMMA = YES;
				CLANG_WARN_CONSTANT_CONVERSION = YES;
				CLANG_WARN_DEPRECATED_OBJC_IMPLEMENTATIONS = YES;
				CLANG_WARN_DIRECT_OBJC_ISA_USAGE = YES_ERROR;
				CLANG_WARN_DOCUMENTATION_COMMENTS = YES;
				CLANG_WARN_EMPTY_BODY = YES;
				CLANG_WARN_ENUM_CONVERSION = YES;
				CLANG_WARN_INFINITE_RECURSION = YES;
				CLANG_WARN_INT_CONVERSION = YES;
				CLANG_WARN_NON_LITERAL_NULL_CONVERSION = YES;
				CLANG_WARN_OBJC_IMPLICIT_RETAIN_SELF = YES;
				CLANG_WARN_OBJC_LITERAL_CONVERSION = YES;
				CLANG_WARN_OBJC_ROOT_CLASS = YES_ERROR;
				CLANG_WARN_QUOTED_INCLUDE_IN_FRAMEWORK_HEADER = YES;
				CLANG_WARN_RANGE_LOOP_ANALYSIS = YES;
				CLANG_WARN_STRICT_PROTOTYPES = YES;
				CLANG_WARN_SUSPICIOUS_MOVE = YES;
				CLANG_WARN_UNGUARDED_AVAILABILITY = YES_AGGRESSIVE;
				CLANG_WARN_UNREACHABLE_CODE = YES;
				CLANG_WARN__DUPLICATE_METHOD_MATCH = YES;
				COPY_PHASE_STRIP = NO;
				DEBUG_INFORMATION_FORMAT = dwarf;
				ENABLE_STRICT_OBJC_MSGSEND = YES;
				ENABLE_TESTABILITY = YES;
				GCC_C_LANGUAGE_STANDARD = gnu11;
				GCC_DYNAMIC_NO_PIC = NO;
				GCC_NO_COMMON_BLOCKS = YES;
				GCC_OPTIMIZATION_LEVEL = 0;
				GCC_PREPROCESSOR_DEFINITIONS = (
					"DEBUG=1",
					"$(inherited)",
				);
				GCC_WARN_64_TO_32_BIT_CONVERSION = YES;
				GCC_WARN_ABOUT_RETURN_TYPE = YES_ERROR;
				GCC_WARN_UNDECLARED_SELECTOR = YES;
				GCC_WARN_UNINITIALIZED_AUTOS = YES_AGGRESSIVE;
				GCC_WARN_UNUSED_FUNCTION = YES;
				GCC_WARN_UNUSED_VARIABLE = YES;
				IPHONEOS_DEPLOYMENT_TARGET = 16.2;
				MTL_ENABLE_DEBUG_INFO = INCLUDE_SOURCE;
				MTL_FAST_MATH = YES;
				ONLY_ACTIVE_ARCH = YES;
				SDKROOT = iphoneos;
				SWIFT_ACTIVE_COMPILATION_CONDITIONS = DEBUG;
				SWIFT_OPTIMIZATION_LEVEL = "-Onone";
			};
			name = Debug;
		};
		F447192A299E971500B6C3DA /* Release */ = {
			isa = XCBuildConfiguration;
			buildSettings = {
				ALWAYS_SEARCH_USER_PATHS = NO;
				CLANG_ANALYZER_NONNULL = YES;
				CLANG_ANALYZER_NUMBER_OBJECT_CONVERSION = YES_AGGRESSIVE;
				CLANG_CXX_LANGUAGE_STANDARD = "gnu++20";
				CLANG_ENABLE_MODULES = YES;
				CLANG_ENABLE_OBJC_ARC = YES;
				CLANG_ENABLE_OBJC_WEAK = YES;
				CLANG_WARN_BLOCK_CAPTURE_AUTORELEASING = YES;
				CLANG_WARN_BOOL_CONVERSION = YES;
				CLANG_WARN_COMMA = YES;
				CLANG_WARN_CONSTANT_CONVERSION = YES;
				CLANG_WARN_DEPRECATED_OBJC_IMPLEMENTATIONS = YES;
				CLANG_WARN_DIRECT_OBJC_ISA_USAGE = YES_ERROR;
				CLANG_WARN_DOCUMENTATION_COMMENTS = YES;
				CLANG_WARN_EMPTY_BODY = YES;
				CLANG_WARN_ENUM_CONVERSION = YES;
				CLANG_WARN_INFINITE_RECURSION = YES;
				CLANG_WARN_INT_CONVERSION = YES;
				CLANG_WARN_NON_LITERAL_NULL_CONVERSION = YES;
				CLANG_WARN_OBJC_IMPLICIT_RETAIN_SELF = YES;
				CLANG_WARN_OBJC_LITERAL_CONVERSION = YES;
				CLANG_WARN_OBJC_ROOT_CLASS = YES_ERROR;
				CLANG_WARN_QUOTED_INCLUDE_IN_FRAMEWORK_HEADER = YES;
				CLANG_WARN_RANGE_LOOP_ANALYSIS = YES;
				CLANG_WARN_STRICT_PROTOTYPES = YES;
				CLANG_WARN_SUSPICIOUS_MOVE = YES;
				CLANG_WARN_UNGUARDED_AVAILABILITY = YES_AGGRESSIVE;
				CLANG_WARN_UNREACHABLE_CODE = YES;
				CLANG_WARN__DUPLICATE_METHOD_MATCH = YES;
				COPY_PHASE_STRIP = NO;
				DEBUG_INFORMATION_FORMAT = "dwarf-with-dsym";
				ENABLE_NS_ASSERTIONS = NO;
				ENABLE_STRICT_OBJC_MSGSEND = YES;
				GCC_C_LANGUAGE_STANDARD = gnu11;
				GCC_NO_COMMON_BLOCKS = YES;
				GCC_WARN_64_TO_32_BIT_CONVERSION = YES;
				GCC_WARN_ABOUT_RETURN_TYPE = YES_ERROR;
				GCC_WARN_UNDECLARED_SELECTOR = YES;
				GCC_WARN_UNINITIALIZED_AUTOS = YES_AGGRESSIVE;
				GCC_WARN_UNUSED_FUNCTION = YES;
				GCC_WARN_UNUSED_VARIABLE = YES;
				IPHONEOS_DEPLOYMENT_TARGET = 16.2;
				MTL_ENABLE_DEBUG_INFO = NO;
				MTL_FAST_MATH = YES;
				SDKROOT = iphoneos;
				SWIFT_COMPILATION_MODE = wholemodule;
				SWIFT_OPTIMIZATION_LEVEL = "-O";
				VALIDATE_PRODUCT = YES;
			};
			name = Release;
		};
		F447192C299E971500B6C3DA /* Debug */ = {
			isa = XCBuildConfiguration;
			baseConfigurationReference = E78FC940AE2C2F71F3D76188 /* Pods-DoFU.debug.xcconfig */;
			buildSettings = {
				ASSETCATALOG_COMPILER_APPICON_NAME = AppIcon;
				ASSETCATALOG_COMPILER_GLOBAL_ACCENT_COLOR_NAME = AccentColor;
				CODE_SIGN_STYLE = Automatic;
				CURRENT_PROJECT_VERSION = 1;
				DEVELOPMENT_TEAM = 4Y89R8Q9VV;
				GENERATE_INFOPLIST_FILE = YES;
				INFOPLIST_FILE = Info.plist;
				INFOPLIST_KEY_UIApplicationSupportsIndirectInputEvents = YES;
				INFOPLIST_KEY_UILaunchStoryboardName = LaunchScreen;
				INFOPLIST_KEY_UIMainStoryboardFile = Main;
				INFOPLIST_KEY_UISupportedInterfaceOrientations = UIInterfaceOrientationPortrait;
				INFOPLIST_KEY_UISupportedInterfaceOrientations_iPad = "UIInterfaceOrientationLandscapeLeft UIInterfaceOrientationLandscapeRight UIInterfaceOrientationPortrait UIInterfaceOrientationPortraitUpsideDown";
				IPHONEOS_DEPLOYMENT_TARGET = 15.0;
				LD_RUNPATH_SEARCH_PATHS = (
					"$(inherited)",
					"@executable_path/Frameworks",
				);
				MARKETING_VERSION = 1.0;
				PRODUCT_BUNDLE_IDENTIFIER = Ihnatenko.DoFU;
				PRODUCT_NAME = "$(TARGET_NAME)";
				SUPPORTED_PLATFORMS = "iphoneos iphonesimulator";
				SUPPORTS_MACCATALYST = NO;
				SUPPORTS_MAC_DESIGNED_FOR_IPHONE_IPAD = NO;
				SWIFT_EMIT_LOC_STRINGS = YES;
				SWIFT_VERSION = 5.0;
				TARGETED_DEVICE_FAMILY = 1;
			};
			name = Debug;
		};
		F447192D299E971500B6C3DA /* Release */ = {
			isa = XCBuildConfiguration;
			baseConfigurationReference = C1894C2760D0539F33F523FA /* Pods-DoFU.release.xcconfig */;
			buildSettings = {
				ASSETCATALOG_COMPILER_APPICON_NAME = AppIcon;
				ASSETCATALOG_COMPILER_GLOBAL_ACCENT_COLOR_NAME = AccentColor;
				CODE_SIGN_STYLE = Automatic;
				CURRENT_PROJECT_VERSION = 1;
				DEVELOPMENT_TEAM = 4Y89R8Q9VV;
				GENERATE_INFOPLIST_FILE = YES;
				INFOPLIST_FILE = Info.plist;
				INFOPLIST_KEY_UIApplicationSupportsIndirectInputEvents = YES;
				INFOPLIST_KEY_UILaunchStoryboardName = LaunchScreen;
				INFOPLIST_KEY_UIMainStoryboardFile = Main;
				INFOPLIST_KEY_UISupportedInterfaceOrientations = UIInterfaceOrientationPortrait;
				INFOPLIST_KEY_UISupportedInterfaceOrientations_iPad = "UIInterfaceOrientationLandscapeLeft UIInterfaceOrientationLandscapeRight UIInterfaceOrientationPortrait UIInterfaceOrientationPortraitUpsideDown";
				IPHONEOS_DEPLOYMENT_TARGET = 15.0;
				LD_RUNPATH_SEARCH_PATHS = (
					"$(inherited)",
					"@executable_path/Frameworks",
				);
				MARKETING_VERSION = 1.0;
				PRODUCT_BUNDLE_IDENTIFIER = Ihnatenko.DoFU;
				PRODUCT_NAME = "$(TARGET_NAME)";
				SUPPORTED_PLATFORMS = "iphoneos iphonesimulator";
				SUPPORTS_MACCATALYST = NO;
				SUPPORTS_MAC_DESIGNED_FOR_IPHONE_IPAD = NO;
				SWIFT_EMIT_LOC_STRINGS = YES;
				SWIFT_VERSION = 5.0;
				TARGETED_DEVICE_FAMILY = 1;
			};
			name = Release;
		};
/* End XCBuildConfiguration section */

/* Begin XCConfigurationList section */
		F4471912299E971300B6C3DA /* Build configuration list for PBXProject "DoFU" */ = {
			isa = XCConfigurationList;
			buildConfigurations = (
				F4471929299E971500B6C3DA /* Debug */,
				F447192A299E971500B6C3DA /* Release */,
			);
			defaultConfigurationIsVisible = 0;
			defaultConfigurationName = Release;
		};
		F447192B299E971500B6C3DA /* Build configuration list for PBXNativeTarget "DoFU" */ = {
			isa = XCConfigurationList;
			buildConfigurations = (
				F447192C299E971500B6C3DA /* Debug */,
				F447192D299E971500B6C3DA /* Release */,
			);
			defaultConfigurationIsVisible = 0;
			defaultConfigurationName = Release;
		};
/* End XCConfigurationList section */
	};
	rootObject = F447190F299E971300B6C3DA /* Project object */;
}
